
Microsoft Visual Studio Solution File, Format Version 12.00
# Visual Studio Version 16
VisualStudioVersion = 16.0.29306.81
MinimumVisualStudioVersion = 10.0.40219.1
Project("{FAE04EC0-301F-11D3-BF4B-00C04F79EFBC}") = "mbiber_beispiel3", "mbiber_beispiel3.csproj", "{C12A1C97-A930-4C26-B4EB-3E861C97EAA0}"
EndProject
Global
	GlobalSection(SolutionConfigurationPlatforms) = preSolution
		Debug|Any CPU = Debug|Any CPU
		Release|Any CPU = Release|Any CPU
	EndGlobalSection
	GlobalSection(ProjectConfigurationPlatforms) = postSolution
		{C12A1C97-A930-4C26-B4EB-3E861C97EAA0}.Debug|Any CPU.ActiveCfg = Debug|Any CPU
		{C12A1C97-A930-4C26-B4EB-3E861C97EAA0}.Debug|Any CPU.Build.0 = Debug|Any CPU
		{C12A1C97-A930-4C26-B4EB-3E861C97EAA0}.Release|Any CPU.ActiveCfg = Release|Any CPU
		{C12A1C97-A930-4C26-B4EB-3E861C97EAA0}.Release|Any CPU.Build.0 = Release|Any CPU
	EndGlobalSection
	GlobalSection(SolutionProperties) = preSolution
		HideSolutionNode = FALSE
	EndGlobalSection
	GlobalSection(ExtensibilityGlobals) = postSolution
		SolutionGuid = {682C2CDF-0D79-48F0-9A7A-B234884F2896}
	EndGlobalSection
EndGlobal
